# This file is automatically @generated by Cargo.
# It is not intended for manual editing.
version = 4

[[package]]
name = "ember"
version = "0.1.0"
dependencies = [
 "pyr",
 "pyr-arch",
 "pyr-platform-qemu",
]

[[package]]
name = "pyr"
version = "0.1.0"
dependencies = [
 "pyr-arch",
 "pyr-platform-qemu",
]

[[package]]
name = "pyr-alloc"
version = "0.1.0"
dependencies = [
 "pyr-arch",
]

[[package]]
name = "pyr-arch"
version = "0.1.0"

[[package]]
name = "pyr-platform-qemu"
version = "0.1.0"
dependencies = [
 "pyr-arch",
]
